
Microsoft Visual Studio Solution File, Format Version 12.00
# Visual Studio 15
VisualStudioVersion = 15.0.28307.106
MinimumVisualStudioVersion = 10.0.40219.1
Project("{FAE04EC0-301F-11D3-BF4B-00C04F79EFBC}") = "WpfApp(DataBinding)", "WpfApp(DataBinding)\WpfApp(DataBinding).csproj", "{67BE001F-B2D7-4BDC-AE6D-38B4ECCE66E2}"
EndProject
Global
	GlobalSection(SolutionConfigurationPlatforms) = preSolution
		Debug|Any CPU = Debug|Any CPU
		Release|Any CPU = Release|Any CPU
	EndGlobalSection
	GlobalSection(ProjectConfigurationPlatforms) = postSolution
		{67BE001F-B2D7-4BDC-AE6D-38B4ECCE66E2}.Debug|Any CPU.ActiveCfg = Debug|Any CPU
		{67BE001F-B2D7-4BDC-AE6D-38B4ECCE66E2}.Debug|Any CPU.Build.0 = Debug|Any CPU
		{67BE001F-B2D7-4BDC-AE6D-38B4ECCE66E2}.Release|Any CPU.ActiveCfg = Release|Any CPU
		{67BE001F-B2D7-4BDC-AE6D-38B4ECCE66E2}.Release|Any CPU.Build.0 = Release|Any CPU
	EndGlobalSection
	GlobalSection(SolutionProperties) = preSolution
		HideSolutionNode = FALSE
	EndGlobalSection
	GlobalSection(ExtensibilityGlobals) = postSolution
		SolutionGuid = {3665D24D-BA7E-47BE-B7D0-D7CA08F01630}
	EndGlobalSection
EndGlobal
